<?xml version="1.0" encoding="utf-8"?>
<Project ToolsVersion="4.0" xmlns="http://schemas.microsoft.com/developer/msbuild/2003">
  <ItemGroup>
    <Filter Include="Catch">
      <UniqueIdentifier>{b55c0b3a-3960-4ffc-81aa-6646ed2de6fc}</UniqueIdentifier>
    </Filter>
    <Filter Include="Source">
      <UniqueIdentifier>{4FC737F1-C7A5-4376-A066-2A32D752A2FF}</UniqueIdentifier>
      <Extensions>cpp;c;cc;cxx;def;odl;idl;hpj;bat;asm;asmx</Extensions>
    </Filter>
  </ItemGroup>
  <ItemGroup>
    <ClCompile Include="..\3Sum.cpp">
      <Filter>Source</Filter>
    </ClCompile>
    <ClCompile Include="main.cpp" />
    <ClCompile Include="..\Subsets.cpp">
      <Filter>Source</Filter>
    </ClCompile>
    <ClCompile Include="..\Subsets_II.cpp">
      <Filter>Source</Filter>
    </ClCompile>
    <ClCompile Include="..\Permutations.cpp">
      <Filter>Source</Filter>
    </ClCompile>
    <ClCompile Include="..\Permutations_II.cpp">
      <Filter>Source</Filter>
    </ClCompile>
    <ClCompile Include="..\Combinations.cpp">
      <Filter>Source</Filter>
    </ClCompile>
    <ClCompile Include="..\Letter_Combinations_of_Phone_Number.cpp">
      <Filter>Source</Filter>
    </ClCompile>
    <ClCompile Include="..\Search_for_a_Range.cpp">
      <Filter>Source</Filter>
    </ClCompile>
    <ClCompile Include="..\Pow(x, n).cpp">
      <Filter>Source</Filter>
    </ClCompile>
    <ClCompile Include="..\Sqrt(x).cpp">
      <Filter>Source</Filter>
    </ClCompile>
  </ItemGroup>
  <ItemGroup>
    <ClInclude Include="..\catch\catch.hpp">
      <Filter>Catch</Filter>
    </ClInclude>
    <ClInclude Include="include.h" />
  </ItemGroup>
</Project>