<?xml version="1.0" encoding="utf-8"?>
<Project ToolsVersion="4.0" xmlns="http://schemas.microsoft.com/developer/msbuild/2003">
  <ItemGroup>
    <Filter Include="Catch">
      <UniqueIdentifier>{b55c0b3a-3960-4ffc-81aa-6646ed2de6fc}</UniqueIdentifier>
    </Filter>
    <Filter Include="Source">
      <UniqueIdentifier>{4FC737F1-C7A5-4376-A066-2A32D752A2FF}</UniqueIdentifier>
      <Extensions>cpp;c;cc;cxx;def;odl;idl;hpj;bat;asm;asmx</Extensions>
    </Filter>
    <Filter Include="Source\Brute Force">
      <UniqueIdentifier>{854a9466-33d5-4f67-8c64-39a3e13c48a0}</UniqueIdentifier>
    </Filter>
    <Filter Include="Source\Arrays">
      <UniqueIdentifier>{8952d48b-6142-4136-9dd9-c8f0c854d7c2}</UniqueIdentifier>
    </Filter>
    <Filter Include="Source\Strings">
      <UniqueIdentifier>{d471385b-f545-49b5-a943-f9c51eaa7718}</UniqueIdentifier>
    </Filter>
    <Filter Include="Source\Linked Lists">
      <UniqueIdentifier>{d79336b3-d0b2-49f6-8e0a-8c0b3f8f77a9}</UniqueIdentifier>
    </Filter>
    <Filter Include="Source\Stacks">
      <UniqueIdentifier>{195e2923-283f-4939-b3b9-fd9753c1d195}</UniqueIdentifier>
    </Filter>
    <Filter Include="Source\Detail">
      <UniqueIdentifier>{90563b8b-f7d6-4b69-a41f-55ad342a5ed7}</UniqueIdentifier>
    </Filter>
    <Filter Include="Source\Searching">
      <UniqueIdentifier>{1cbe9fee-c248-4d8c-992c-97f87481a553}</UniqueIdentifier>
    </Filter>
    <Filter Include="Source\Sorting">
      <UniqueIdentifier>{cb06a75e-f59b-4b78-9ee8-f54f7f7ccb49}</UniqueIdentifier>
    </Filter>
    <Filter Include="Source\Graph">
      <UniqueIdentifier>{5f89e0cb-f9dc-4072-9d54-fd6d366b924a}</UniqueIdentifier>
    </Filter>
    <Filter Include="Source\Greedy Technique">
      <UniqueIdentifier>{ccf9e60e-e6e4-4b28-a07b-f0e4a45d381d}</UniqueIdentifier>
    </Filter>
    <Filter Include="Source\Dynamic Programming">
      <UniqueIdentifier>{f87d76f7-56cd-45b6-bbda-440322b49cf7}</UniqueIdentifier>
    </Filter>
  </ItemGroup>
  <ItemGroup>
    <ClCompile Include="main.cpp" />
    <ClCompile Include="..\src\Combinations.cpp">
      <Filter>Source\Brute Force</Filter>
    </ClCompile>
    <ClCompile Include="..\src\Subsets_II.cpp">
      <Filter>Source\Brute Force</Filter>
    </ClCompile>
    <ClCompile Include="..\src\Letter_Combinations_of_Phone_Number.cpp">
      <Filter>Source\Brute Force</Filter>
    </ClCompile>
    <ClCompile Include="..\src\Permutations.cpp">
      <Filter>Source\Brute Force</Filter>
    </ClCompile>
    <ClCompile Include="..\src\Permutations_II.cpp">
      <Filter>Source\Brute Force</Filter>
    </ClCompile>
    <ClCompile Include="..\src\Subsets.cpp">
      <Filter>Source\Brute Force</Filter>
    </ClCompile>
    <ClCompile Include="..\src\Next_Permutation.cpp">
      <Filter>Source\Arrays</Filter>
    </ClCompile>
    <ClCompile Include="..\src\Remove_Duplicates_from_Sorted_Array_II.cpp">
      <Filter>Source\Arrays</Filter>
    </ClCompile>
    <ClCompile Include="..\src\Remove_Duplicates_from_Sorted_Array.cpp">
      <Filter>Source\Arrays</Filter>
    </ClCompile>
    <ClCompile Include="..\src\Search_In_Rotated_Sorted_Array.cpp">
      <Filter>Source\Arrays</Filter>
    </ClCompile>
    <ClCompile Include="..\src\Search_In_Rotated_Sorted_Array_II.cpp">
      <Filter>Source\Arrays</Filter>
    </ClCompile>
    <ClCompile Include="..\src\Longest_Consecutive_Sequence.cpp">
      <Filter>Source\Arrays</Filter>
    </ClCompile>
    <ClCompile Include="..\src\Two_Sum.cpp">
      <Filter>Source\Arrays</Filter>
    </ClCompile>
    <ClCompile Include="..\src\3Sum.cpp">
      <Filter>Source\Arrays</Filter>
    </ClCompile>
    <ClCompile Include="..\src\3Sum_Closest.cpp">
      <Filter>Source\Arrays</Filter>
    </ClCompile>
    <ClCompile Include="..\src\4Sum.cpp">
      <Filter>Source\Arrays</Filter>
    </ClCompile>
    <ClCompile Include="..\src\Remove_Element.cpp">
      <Filter>Source\Arrays</Filter>
    </ClCompile>
    <ClCompile Include="..\src\Permutation_Sequence.cpp">
      <Filter>Source\Arrays</Filter>
    </ClCompile>
    <ClCompile Include="..\src\Valid_Sudoku.cpp">
      <Filter>Source\Arrays</Filter>
    </ClCompile>
    <ClCompile Include="..\src\Trapping_Rain_Water.cpp">
      <Filter>Source\Arrays</Filter>
    </ClCompile>
    <ClCompile Include="..\src\Rotate_Image.cpp">
      <Filter>Source\Arrays</Filter>
    </ClCompile>
    <ClCompile Include="..\src\Plus_One.cpp">
      <Filter>Source\Arrays</Filter>
    </ClCompile>
    <ClCompile Include="..\src\Climbing_Stairs.cpp">
      <Filter>Source\Arrays</Filter>
    </ClCompile>
    <ClCompile Include="..\src\Gray_Code.cpp">
      <Filter>Source\Arrays</Filter>
    </ClCompile>
    <ClCompile Include="..\src\Set_Matrix_Zeroes.cpp">
      <Filter>Source\Arrays</Filter>
    </ClCompile>
    <ClCompile Include="..\src\Gas_Station.cpp">
      <Filter>Source\Arrays</Filter>
    </ClCompile>
    <ClCompile Include="..\src\Candy.cpp">
      <Filter>Source\Arrays</Filter>
    </ClCompile>
    <ClCompile Include="..\src\Single_Number.cpp">
      <Filter>Source\Arrays</Filter>
    </ClCompile>
    <ClCompile Include="..\src\Single_Number_II.cpp">
      <Filter>Source\Arrays</Filter>
    </ClCompile>
    <ClCompile Include="..\src\Valid_Palindrome.cpp">
      <Filter>Source\Strings</Filter>
    </ClCompile>
    <ClCompile Include="..\src\Implement_strStr().cpp">
      <Filter>Source\Strings</Filter>
    </ClCompile>
    <ClCompile Include="..\src\String_to_Interger(atoi).cpp">
      <Filter>Source\Strings</Filter>
    </ClCompile>
    <ClCompile Include="..\src\Add_Binary.cpp">
      <Filter>Source\Strings</Filter>
    </ClCompile>
    <ClCompile Include="..\src\Longest_Palindromic_Substring.cpp">
      <Filter>Source\Strings</Filter>
    </ClCompile>
    <ClCompile Include="..\src\Regular_Expression_Matching.cpp">
      <Filter>Source\Strings</Filter>
    </ClCompile>
    <ClCompile Include="..\src\Wildcard_Matching.cpp">
      <Filter>Source\Strings</Filter>
    </ClCompile>
    <ClCompile Include="..\src\Longest_Common_Prefix.cpp">
      <Filter>Source\Strings</Filter>
    </ClCompile>
    <ClCompile Include="..\src\Valid_Number.cpp">
      <Filter>Source\Strings</Filter>
    </ClCompile>
    <ClCompile Include="..\src\Integer_to_Roman.cpp">
      <Filter>Source\Strings</Filter>
    </ClCompile>
    <ClCompile Include="..\src\Roman_to_Integer.cpp">
      <Filter>Source\Strings</Filter>
    </ClCompile>
    <ClCompile Include="..\src\Count_and_Say.cpp">
      <Filter>Source\Strings</Filter>
    </ClCompile>
    <ClCompile Include="..\src\Anagrams.cpp">
      <Filter>Source\Strings</Filter>
    </ClCompile>
    <ClCompile Include="..\src\Simplify_Path.cpp">
      <Filter>Source\Strings</Filter>
    </ClCompile>
    <ClCompile Include="..\src\Length_of_Last_Word.cpp">
      <Filter>Source\Strings</Filter>
    </ClCompile>
    <ClCompile Include="..\src\Add_Two_Numbers.cpp">
      <Filter>Source\Linked Lists</Filter>
    </ClCompile>
    <ClCompile Include="..\src\Reverse_Linked_List_II.cpp">
      <Filter>Source\Linked Lists</Filter>
    </ClCompile>
    <ClCompile Include="..\src\Partition_List.cpp">
      <Filter>Source\Linked Lists</Filter>
    </ClCompile>
    <ClCompile Include="include.cpp" />
    <ClCompile Include="..\src\Remove_Duplicates_from_Sorted_List.cpp">
      <Filter>Source\Linked Lists</Filter>
    </ClCompile>
    <ClCompile Include="..\src\Remove_Duplicates_from_Sorted_List_II.cpp">
      <Filter>Source\Linked Lists</Filter>
    </ClCompile>
    <ClCompile Include="..\src\Rotate_List.cpp">
      <Filter>Source\Linked Lists</Filter>
    </ClCompile>
    <ClCompile Include="..\src\Remove_Nth_Node_From_End_of_List.cpp">
      <Filter>Source\Linked Lists</Filter>
    </ClCompile>
    <ClCompile Include="..\src\Swap_Nodes_in_Pairs.cpp">
      <Filter>Source\Linked Lists</Filter>
    </ClCompile>
    <ClCompile Include="..\src\Reverse_Nodes_in_k-Group.cpp">
      <Filter>Source\Linked Lists</Filter>
    </ClCompile>
    <ClCompile Include="..\src\Copy_List_with_Random_Pointer.cpp">
      <Filter>Source\Linked Lists</Filter>
    </ClCompile>
    <ClCompile Include="..\src\Linked_List_Cycle.cpp">
      <Filter>Source\Linked Lists</Filter>
    </ClCompile>
    <ClCompile Include="..\src\Linked_List_Cycle_II.cpp">
      <Filter>Source\Linked Lists</Filter>
    </ClCompile>
    <ClCompile Include="..\src\Reorder_List.cpp">
      <Filter>Source\Linked Lists</Filter>
    </ClCompile>
    <ClCompile Include="..\src\LRU_Cache.cpp">
      <Filter>Source\Linked Lists</Filter>
    </ClCompile>
    <ClCompile Include="..\src\Valid_Parentheses.cpp">
      <Filter>Source\Stacks</Filter>
    </ClCompile>
    <ClCompile Include="..\src\Longest_Valid_Parentheses.cpp">
      <Filter>Source\Stacks</Filter>
    </ClCompile>
    <ClCompile Include="..\src\Largest_Rectangle_in_Histogram.cpp">
      <Filter>Source\Stacks</Filter>
    </ClCompile>
    <ClCompile Include="..\src\Evaluate_Reverse_Polish_Notation.cpp">
      <Filter>Source\Stacks</Filter>
    </ClCompile>
    <ClCompile Include="..\src\Reverse_Integer.cpp">
      <Filter>Source\Detail</Filter>
    </ClCompile>
    <ClCompile Include="..\src\Palindrome_Number.cpp">
      <Filter>Source\Detail</Filter>
    </ClCompile>
    <ClCompile Include="..\src\Pascal%27s_Triangle.cpp">
      <Filter>Source\Detail</Filter>
    </ClCompile>
    <ClCompile Include="..\src\Pascal%27s_Triangle_II.cpp">
      <Filter>Source\Detail</Filter>
    </ClCompile>
    <ClCompile Include="..\src\ZigZag_Conversion.cpp">
      <Filter>Source\Detail</Filter>
    </ClCompile>
    <ClCompile Include="..\src\Insert_Interval.cpp">
      <Filter>Source\Detail</Filter>
    </ClCompile>
    <ClCompile Include="..\src\Search_for_a_Range.cpp">
      <Filter>Source\Searching</Filter>
    </ClCompile>
    <ClCompile Include="..\src\Search_Insert_Position.cpp">
      <Filter>Source\Searching</Filter>
    </ClCompile>
    <ClCompile Include="..\src\Search_a_2D_Matrix.cpp">
      <Filter>Source\Searching</Filter>
    </ClCompile>
    <ClCompile Include="..\src\Merge_Sorted_Array.cpp">
      <Filter>Source\Sorting</Filter>
    </ClCompile>
    <ClCompile Include="..\src\Merge_Two_Sorted_Lists.cpp">
      <Filter>Source\Sorting</Filter>
    </ClCompile>
    <ClCompile Include="..\src\Merge_k_Sorted_Lists.cpp">
      <Filter>Source\Sorting</Filter>
    </ClCompile>
    <ClCompile Include="..\src\Insertion_Sort_List.cpp">
      <Filter>Source\Sorting</Filter>
    </ClCompile>
    <ClCompile Include="..\src\Sort_List.cpp">
      <Filter>Source\Sorting</Filter>
    </ClCompile>
    <ClCompile Include="..\src\First_Missing_Positive.cpp">
      <Filter>Source\Sorting</Filter>
    </ClCompile>
    <ClCompile Include="..\src\Sort_Colors.cpp">
      <Filter>Source\Sorting</Filter>
    </ClCompile>
    <ClCompile Include="..\src\Clone_Graph.cpp">
      <Filter>Source\Graph</Filter>
    </ClCompile>
    <ClCompile Include="..\src\Jump_Game.cpp">
      <Filter>Source\Greedy Technique</Filter>
    </ClCompile>
    <ClCompile Include="..\src\Jump_Game_II.cpp">
      <Filter>Source\Greedy Technique</Filter>
    </ClCompile>
    <ClCompile Include="..\src\Best_Time_to_Buy_and_Sell_Stock.cpp">
      <Filter>Source\Greedy Technique</Filter>
    </ClCompile>
    <ClCompile Include="..\src\Best_Time_to_Buy_and_Sell_Stock_II.cpp">
      <Filter>Source\Greedy Technique</Filter>
    </ClCompile>
    <ClCompile Include="..\src\Longest_Substring_Without_Repeating_Characters.cpp">
      <Filter>Source\Greedy Technique</Filter>
    </ClCompile>
    <ClCompile Include="..\src\Container_With_Most_Water.cpp">
      <Filter>Source\Greedy Technique</Filter>
    </ClCompile>
    <ClCompile Include="..\src\Triangle.cpp">
      <Filter>Source\Dynamic Programming</Filter>
    </ClCompile>
    <ClCompile Include="..\src\Maximum_Subarray.cpp">
      <Filter>Source\Dynamic Programming</Filter>
    </ClCompile>
    <ClCompile Include="..\src\Palindrome_Partitioning_II.cpp">
      <Filter>Source\Dynamic Programming</Filter>
    </ClCompile>
    <ClCompile Include="..\src\Maximal_Rectangle.cpp">
      <Filter>Source\Dynamic Programming</Filter>
    </ClCompile>
    <ClCompile Include="..\src\Best_Time_to_Buy_and_Sell_Stock_III.cpp">
      <Filter>Source\Dynamic Programming</Filter>
    </ClCompile>
    <ClCompile Include="..\src\Interleaving_String.cpp">
      <Filter>Source\Dynamic Programming</Filter>
    </ClCompile>
    <ClCompile Include="..\src\Minimum_Path_Sum.cpp">
      <Filter>Source\Dynamic Programming</Filter>
    </ClCompile>
    <ClCompile Include="..\src\Edit_Distance.cpp">
      <Filter>Source\Dynamic Programming</Filter>
    </ClCompile>
    <ClCompile Include="..\src\Decode_Ways.cpp">
      <Filter>Source\Dynamic Programming</Filter>
    </ClCompile>
    <ClCompile Include="..\src\Distinct_Subsequences.cpp">
      <Filter>Source\Dynamic Programming</Filter>
    </ClCompile>
    <ClCompile Include="..\src\Word_Break.cpp">
      <Filter>Source\Dynamic Programming</Filter>
    </ClCompile>
    <ClCompile Include="..\src\Word_Break_II.cpp">
      <Filter>Source\Dynamic Programming</Filter>
    </ClCompile>
  </ItemGroup>
  <ItemGroup>
    <ClInclude Include="..\catch\catch.hpp">
      <Filter>Catch</Filter>
    </ClInclude>
    <ClInclude Include="include.h" />
  </ItemGroup>
</Project>